# THIS IS AN AUTOGENERATED FILE. DO NOT EDIT THIS FILE DIRECTLY.
# yarn lockfile v1


"@essentials/raf@^3.4.1":
  version "1.2.0"
  resolved "https://registry.yarnpkg.com/@essentials/raf/-/raf-1.2.0.tgz#2755670021618433aa437453dc98ad4bc8436177"
  integrity sha512-AWJvpprE2o7ATMb7HBYMVUVmPJBCt2wZp2rY7d+rAcNSMvzLbDepy9KFeqqrPZh+s9aIpbw1LgmuAW7kuRFgrQ==

cuid@^2.1.8:
  version "2.1.8"
  resolved "https://registry.yarnpkg.com/cuid/-/cuid-2.1.8.tgz#cbb88f954171e0d5747606c0139fb65c5101eac0"
  integrity sha512-xiEMER6E7TlTPnDxrM4eRiC6TRgjNX9xzEZ5U/Se2YJKr7Mq4pJn/2XEHjl3STcSh96GmkHPcBXLES8M29wyyg==

gl-matrix@^3.3.0:
  version "3.3.0"
  resolved "https://registry.yarnpkg.com/gl-matrix/-/gl-matrix-3.3.0.tgz#232eef60b1c8b30a28cbbe75b2caf6c48fd6358b"
  integrity sha512-COb7LDz+SXaHtl/h4LeaFcNdJdAQSDeVqjiIihSXNrkWObZLhDI4hIkZC11Aeqp7bcE72clzB0BnDXr2SmslRA==

performance-now@^2.1.0:
  version "2.1.0"
  resolved "https://registry.yarnpkg.com/performance-now/-/performance-now-2.1.0.tgz#6309f4e0e5fa913ec1c69307ae364b4b377c9e7b"
  integrity sha1-Ywn04OX6kT7BxpMHrjZLSzd8nns=

typescript@^4.1.2:
  version "4.1.2"
  resolved "https://registry.yarnpkg.com/typescript/-/typescript-4.1.2.tgz#6369ef22516fe5e10304aae5a5c4862db55380e9"
  integrity sha512-thGloWsGH3SOxv1SoY7QojKi0tc+8FnOmiarEGMbd/lar7QOEd3hvlx3Fp5y6FlDUGl9L+pd4n2e+oToGMmhRQ==
